
Microsoft Visual Studio Solution File, Format Version 12.00
# Visual Studio Version 16
VisualStudioVersion = 16.0.31321.278
MinimumVisualStudioVersion = 10.0.40219.1
Project("{FAE04EC0-301F-11D3-BF4B-00C04F79EFBC}") = "FetchFromAPI.UWP", "FetchFromAPI.UWP\FetchFromAPI.UWP.csproj", "{E2AB2662-A6E0-4E06-BCC8-3B2BC25D4F11}"
EndProject
Project("{FAE04EC0-301F-11D3-BF4B-00C04F79EFBC}") = "FetchFromAPI.Android", "FetchFromAPI.Android\FetchFromAPI.Android.csproj", "{553A6ACC-C55F-434E-B87F-972F2209212B}"
EndProject
Project("{FAE04EC0-301F-11D3-BF4B-00C04F79EFBC}") = "FetchFromAPI.iOS", "FetchFromAPI.iOS\FetchFromAPI.iOS.csproj", "{FD644D4C-8E34-4D41-8477-3A438C76D8BD}"
EndProject
Project("{FAE04EC0-301F-11D3-BF4B-00C04F79EFBC}") = "FetchFromAPI", "FetchFromAPI\FetchFromAPI.csproj", "{35562C6B-88F3-4AB6-917B-BF5D83EBEABA}"
EndProject
Global
	GlobalSection(SolutionConfigurationPlatforms) = preSolution
		Debug|Any CPU = Debug|Any CPU
		Debug|ARM = Debug|ARM
		Debug|iPhone = Debug|iPhone
		Debug|iPhoneSimulator = Debug|iPhoneSimulator
		Debug|x64 = Debug|x64
		Debug|x86 = Debug|x86
		Release|Any CPU = Release|Any CPU
		Release|ARM = Release|ARM
		Release|iPhone = Release|iPhone
		Release|iPhoneSimulator = Release|iPhoneSimulator
		Release|x64 = Release|x64
		Release|x86 = Release|x86
	EndGlobalSection
	GlobalSection(ProjectConfigurationPlatforms) = postSolution
		{E2AB2662-A6E0-4E06-BCC8-3B2BC25D4F11}.Debug|Any CPU.ActiveCfg = Debug|x86
		{E2AB2662-A6E0-4E06-BCC8-3B2BC25D4F11}.Debug|Any CPU.Build.0 = Debug|x86
		{E2AB2662-A6E0-4E06-BCC8-3B2BC25D4F11}.Debug|Any CPU.Deploy.0 = Debug|x86
		{E2AB2662-A6E0-4E06-BCC8-3B2BC25D4F11}.Debug|ARM.ActiveCfg = Debug|ARM
		{E2AB2662-A6E0-4E06-BCC8-3B2BC25D4F11}.Debug|ARM.Build.0 = Debug|ARM
		{E2AB2662-A6E0-4E06-BCC8-3B2BC25D4F11}.Debug|ARM.Deploy.0 = Debug|ARM
		{E2AB2662-A6E0-4E06-BCC8-3B2BC25D4F11}.Debug|iPhone.ActiveCfg = Debug|x86
		{E2AB2662-A6E0-4E06-BCC8-3B2BC25D4F11}.Debug|iPhone.Build.0 = Debug|x86
		{E2AB2662-A6E0-4E06-BCC8-3B2BC25D4F11}.Debug|iPhone.Deploy.0 = Debug|x86
		{E2AB2662-A6E0-4E06-BCC8-3B2BC25D4F11}.Debug|iPhoneSimulator.ActiveCfg = Debug|x86
		{E2AB2662-A6E0-4E06-BCC8-3B2BC25D4F11}.Debug|iPhoneSimulator.Build.0 = Debug|x86
		{E2AB2662-A6E0-4E06-BCC8-3B2BC25D4F11}.Debug|iPhoneSimulator.Deploy.0 = Debug|x86
		{E2AB2662-A6E0-4E06-BCC8-3B2BC25D4F11}.Debug|x64.ActiveCfg = Debug|x64
		{E2AB2662-A6E0-4E06-BCC8-3B2BC25D4F11}.Debug|x64.Build.0 = Debug|x64
		{E2AB2662-A6E0-4E06-BCC8-3B2BC25D4F11}.Debug|x64.Deploy.0 = Debug|x64
		{E2AB2662-A6E0-4E06-BCC8-3B2BC25D4F11}.Debug|x86.ActiveCfg = Debug|x86
		{E2AB2662-A6E0-4E06-BCC8-3B2BC25D4F11}.Debug|x86.Build.0 = Debug|x86
		{E2AB2662-A6E0-4E06-BCC8-3B2BC25D4F11}.Debug|x86.Deploy.0 = Debug|x86
		{E2AB2662-A6E0-4E06-BCC8-3B2BC25D4F11}.Release|Any CPU.ActiveCfg = Release|x86
		{E2AB2662-A6E0-4E06-BCC8-3B2BC25D4F11}.Release|Any CPU.Build.0 = Release|x86
		{E2AB2662-A6E0-4E06-BCC8-3B2BC25D4F11}.Release|Any CPU.Deploy.0 = Release|x86
		{E2AB2662-A6E0-4E06-BCC8-3B2BC25D4F11}.Release|ARM.ActiveCfg = Release|ARM
		{E2AB2662-A6E0-4E06-BCC8-3B2BC25D4F11}.Release|ARM.Build.0 = Release|ARM
		{E2AB2662-A6E0-4E06-BCC8-3B2BC25D4F11}.Release|ARM.Deploy.0 = Release|ARM
		{E2AB2662-A6E0-4E06-BCC8-3B2BC25D4F11}.Release|iPhone.ActiveCfg = Release|x86
		{E2AB2662-A6E0-4E06-BCC8-3B2BC25D4F11}.Release|iPhone.Build.0 = Release|x86
		{E2AB2662-A6E0-4E06-BCC8-3B2BC25D4F11}.Release|iPhone.Deploy.0 = Release|x86
		{E2AB2662-A6E0-4E06-BCC8-3B2BC25D4F11}.Release|iPhoneSimulator.ActiveCfg = Release|x86
		{E2AB2662-A6E0-4E06-BCC8-3B2BC25D4F11}.Release|iPhoneSimulator.Build.0 = Release|x86
		{E2AB2662-A6E0-4E06-BCC8-3B2BC25D4F11}.Release|iPhoneSimulator.Deploy.0 = Release|x86
		{E2AB2662-A6E0-4E06-BCC8-3B2BC25D4F11}.Release|x64.ActiveCfg = Release|x64
		{E2AB2662-A6E0-4E06-BCC8-3B2BC25D4F11}.Release|x64.Build.0 = Release|x64
		{E2AB2662-A6E0-4E06-BCC8-3B2BC25D4F11}.Release|x64.Deploy.0 = Release|x64
		{E2AB2662-A6E0-4E06-BCC8-3B2BC25D4F11}.Release|x86.ActiveCfg = Release|x86
		{E2AB2662-A6E0-4E06-BCC8-3B2BC25D4F11}.Release|x86.Build.0 = Release|x86
		{E2AB2662-A6E0-4E06-BCC8-3B2BC25D4F11}.Release|x86.Deploy.0 = Release|x86
		{553A6ACC-C55F-434E-B87F-972F2209212B}.Debug|Any CPU.ActiveCfg = Debug|Any CPU
		{553A6ACC-C55F-434E-B87F-972F2209212B}.Debug|Any CPU.Build.0 = Debug|Any CPU
		{553A6ACC-C55F-434E-B87F-972F2209212B}.Debug|Any CPU.Deploy.0 = Debug|Any CPU
		{553A6ACC-C55F-434E-B87F-972F2209212B}.Debug|ARM.ActiveCfg = Debug|Any CPU
		{553A6ACC-C55F-434E-B87F-972F2209212B}.Debug|ARM.Build.0 = Debug|Any CPU
		{553A6ACC-C55F-434E-B87F-972F2209212B}.Debug|ARM.Deploy.0 = Debug|Any CPU
		{553A6ACC-C55F-434E-B87F-972F2209212B}.Debug|iPhone.ActiveCfg = Debug|Any CPU
		{553A6ACC-C55F-434E-B87F-972F2209212B}.Debug|iPhone.Build.0 = Debug|Any CPU
		{553A6ACC-C55F-434E-B87F-972F2209212B}.Debug|iPhone.Deploy.0 = Debug|Any CPU
		{553A6ACC-C55F-434E-B87F-972F2209212B}.Debug|iPhoneSimulator.ActiveCfg = Debug|Any CPU
		{553A6ACC-C55F-434E-B87F-972F2209212B}.Debug|iPhoneSimulator.Build.0 = Debug|Any CPU
		{553A6ACC-C55F-434E-B87F-972F2209212B}.Debug|iPhoneSimulator.Deploy.0 = Debug|Any CPU
		{553A6ACC-C55F-434E-B87F-972F2209212B}.Debug|x64.ActiveCfg = Debug|Any CPU
		{553A6ACC-C55F-434E-B87F-972F2209212B}.Debug|x64.Build.0 = Debug|Any CPU
		{553A6ACC-C55F-434E-B87F-972F2209212B}.Debug|x64.Deploy.0 = Debug|Any CPU
		{553A6ACC-C55F-434E-B87F-972F2209212B}.Debug|x86.ActiveCfg = Debug|Any CPU
		{553A6ACC-C55F-434E-B87F-972F2209212B}.Debug|x86.Build.0 = Debug|Any CPU
		{553A6ACC-C55F-434E-B87F-972F2209212B}.Debug|x86.Deploy.0 = Debug|Any CPU
		{553A6ACC-C55F-434E-B87F-972F2209212B}.Release|Any CPU.ActiveCfg = Release|Any CPU
		{553A6ACC-C55F-434E-B87F-972F2209212B}.Release|Any CPU.Build.0 = Release|Any CPU
		{553A6ACC-C55F-434E-B87F-972F2209212B}.Release|Any CPU.Deploy.0 = Release|Any CPU
		{553A6ACC-C55F-434E-B87F-972F2209212B}.Release|ARM.ActiveCfg = Release|Any CPU
		{553A6ACC-C55F-434E-B87F-972F2209212B}.Release|ARM.Build.0 = Release|Any CPU
		{553A6ACC-C55F-434E-B87F-972F2209212B}.Release|ARM.Deploy.0 = Release|Any CPU
		{553A6ACC-C55F-434E-B87F-972F2209212B}.Release|iPhone.ActiveCfg = Release|Any CPU
		{553A6ACC-C55F-434E-B87F-972F2209212B}.Release|iPhone.Build.0 = Release|Any CPU
		{553A6ACC-C55F-434E-B87F-972F2209212B}.Release|iPhone.Deploy.0 = Release|Any CPU
		{553A6ACC-C55F-434E-B87F-972F2209212B}.Release|iPhoneSimulator.ActiveCfg = Release|Any CPU
		{553A6ACC-C55F-434E-B87F-972F2209212B}.Release|iPhoneSimulator.Build.0 = Release|Any CPU
		{553A6ACC-C55F-434E-B87F-972F2209212B}.Release|iPhoneSimulator.Deploy.0 = Release|Any CPU
		{553A6ACC-C55F-434E-B87F-972F2209212B}.Release|x64.ActiveCfg = Release|Any CPU
		{553A6ACC-C55F-434E-B87F-972F2209212B}.Release|x64.Build.0 = Release|Any CPU
		{553A6ACC-C55F-434E-B87F-972F2209212B}.Release|x64.Deploy.0 = Release|Any CPU
		{553A6ACC-C55F-434E-B87F-972F2209212B}.Release|x86.ActiveCfg = Release|Any CPU
		{553A6ACC-C55F-434E-B87F-972F2209212B}.Release|x86.Build.0 = Release|Any CPU
		{553A6ACC-C55F-434E-B87F-972F2209212B}.Release|x86.Deploy.0 = Release|Any CPU
		{FD644D4C-8E34-4D41-8477-3A438C76D8BD}.Debug|Any CPU.ActiveCfg = Debug|iPhoneSimulator
		{FD644D4C-8E34-4D41-8477-3A438C76D8BD}.Debug|Any CPU.Build.0 = Debug|iPhoneSimulator
		{FD644D4C-8E34-4D41-8477-3A438C76D8BD}.Debug|Any CPU.Deploy.0 = Debug|iPhoneSimulator
		{FD644D4C-8E34-4D41-8477-3A438C76D8BD}.Debug|ARM.ActiveCfg = Debug|iPhone
		{FD644D4C-8E34-4D41-8477-3A438C76D8BD}.Debug|ARM.Build.0 = Debug|iPhone
		{FD644D4C-8E34-4D41-8477-3A438C76D8BD}.Debug|ARM.Deploy.0 = Debug|iPhone
		{FD644D4C-8E34-4D41-8477-3A438C76D8BD}.Debug|iPhone.ActiveCfg = Debug|iPhone
		{FD644D4C-8E34-4D41-8477-3A438C76D8BD}.Debug|iPhone.Build.0 = Debug|iPhone
		{FD644D4C-8E34-4D41-8477-3A438C76D8BD}.Debug|iPhone.Deploy.0 = Debug|iPhone
		{FD644D4C-8E34-4D41-8477-3A438C76D8BD}.Debug|iPhoneSimulator.ActiveCfg = Debug|iPhoneSimulator
		{FD644D4C-8E34-4D41-8477-3A438C76D8BD}.Debug|iPhoneSimulator.Build.0 = Debug|iPhoneSimulator
		{FD644D4C-8E34-4D41-8477-3A438C76D8BD}.Debug|iPhoneSimulator.Deploy.0 = Debug|iPhoneSimulator
		{FD644D4C-8E34-4D41-8477-3A438C76D8BD}.Debug|x64.ActiveCfg = Debug|iPhoneSimulator
		{FD644D4C-8E34-4D41-8477-3A438C76D8BD}.Debug|x64.Build.0 = Debug|iPhoneSimulator
		{FD644D4C-8E34-4D41-8477-3A438C76D8BD}.Debug|x64.Deploy.0 = Debug|iPhoneSimulator
		{FD644D4C-8E34-4D41-8477-3A438C76D8BD}.Debug|x86.ActiveCfg = Debug|iPhoneSimulator
		{FD644D4C-8E34-4D41-8477-3A438C76D8BD}.Debug|x86.Build.0 = Debug|iPhoneSimulator
		{FD644D4C-8E34-4D41-8477-3A438C76D8BD}.Debug|x86.Deploy.0 = Debug|iPhoneSimulator
		{FD644D4C-8E34-4D41-8477-3A438C76D8BD}.Release|Any CPU.ActiveCfg = Release|iPhoneSimulator
		{FD644D4C-8E34-4D41-8477-3A438C76D8BD}.Release|Any CPU.Build.0 = Release|iPhoneSimulator
		{FD644D4C-8E34-4D41-8477-3A438C76D8BD}.Release|Any CPU.Deploy.0 = Release|iPhoneSimulator
		{FD644D4C-8E34-4D41-8477-3A438C76D8BD}.Release|ARM.ActiveCfg = Release|iPhoneSimulator
		{FD644D4C-8E34-4D41-8477-3A438C76D8BD}.Release|ARM.Build.0 = Release|iPhoneSimulator
		{FD644D4C-8E34-4D41-8477-3A438C76D8BD}.Release|ARM.Deploy.0 = Release|iPhoneSimulator
		{FD644D4C-8E34-4D41-8477-3A438C76D8BD}.Release|iPhone.ActiveCfg = Release|iPhone
		{FD644D4C-8E34-4D41-8477-3A438C76D8BD}.Release|iPhone.Build.0 = Release|iPhone
		{FD644D4C-8E34-4D41-8477-3A438C76D8BD}.Release|iPhone.Deploy.0 = Release|iPhone
		{FD644D4C-8E34-4D41-8477-3A438C76D8BD}.Release|iPhoneSimulator.ActiveCfg = Release|iPhoneSimulator
		{FD644D4C-8E34-4D41-8477-3A438C76D8BD}.Release|iPhoneSimulator.Build.0 = Release|iPhoneSimulator
		{FD644D4C-8E34-4D41-8477-3A438C76D8BD}.Release|iPhoneSimulator.Deploy.0 = Release|iPhoneSimulator
		{FD644D4C-8E34-4D41-8477-3A438C76D8BD}.Release|x64.ActiveCfg = Release|iPhoneSimulator
		{FD644D4C-8E34-4D41-8477-3A438C76D8BD}.Release|x64.Build.0 = Release|iPhoneSimulator
		{FD644D4C-8E34-4D41-8477-3A438C76D8BD}.Release|x64.Deploy.0 = Release|iPhoneSimulator
		{FD644D4C-8E34-4D41-8477-3A438C76D8BD}.Release|x86.ActiveCfg = Release|iPhoneSimulator
		{FD644D4C-8E34-4D41-8477-3A438C76D8BD}.Release|x86.Build.0 = Release|iPhoneSimulator
		{FD644D4C-8E34-4D41-8477-3A438C76D8BD}.Release|x86.Deploy.0 = Release|iPhoneSimulator
		{35562C6B-88F3-4AB6-917B-BF5D83EBEABA}.Debug|Any CPU.ActiveCfg = Debug|Any CPU
		{35562C6B-88F3-4AB6-917B-BF5D83EBEABA}.Debug|Any CPU.Build.0 = Debug|Any CPU
		{35562C6B-88F3-4AB6-917B-BF5D83EBEABA}.Debug|Any CPU.Deploy.0 = Debug|Any CPU
		{35562C6B-88F3-4AB6-917B-BF5D83EBEABA}.Debug|ARM.ActiveCfg = Debug|Any CPU
		{35562C6B-88F3-4AB6-917B-BF5D83EBEABA}.Debug|ARM.Build.0 = Debug|Any CPU
		{35562C6B-88F3-4AB6-917B-BF5D83EBEABA}.Debug|ARM.Deploy.0 = Debug|Any CPU
		{35562C6B-88F3-4AB6-917B-BF5D83EBEABA}.Debug|iPhone.ActiveCfg = Debug|Any CPU
		{35562C6B-88F3-4AB6-917B-BF5D83EBEABA}.Debug|iPhone.Build.0 = Debug|Any CPU
		{35562C6B-88F3-4AB6-917B-BF5D83EBEABA}.Debug|iPhone.Deploy.0 = Debug|Any CPU
		{35562C6B-88F3-4AB6-917B-BF5D83EBEABA}.Debug|iPhoneSimulator.ActiveCfg = Debug|Any CPU
		{35562C6B-88F3-4AB6-917B-BF5D83EBEABA}.Debug|iPhoneSimulator.Build.0 = Debug|Any CPU
		{35562C6B-88F3-4AB6-917B-BF5D83EBEABA}.Debug|iPhoneSimulator.Deploy.0 = Debug|Any CPU
		{35562C6B-88F3-4AB6-917B-BF5D83EBEABA}.Debug|x64.ActiveCfg = Debug|Any CPU
		{35562C6B-88F3-4AB6-917B-BF5D83EBEABA}.Debug|x64.Build.0 = Debug|Any CPU
		{35562C6B-88F3-4AB6-917B-BF5D83EBEABA}.Debug|x64.Deploy.0 = Debug|Any CPU
		{35562C6B-88F3-4AB6-917B-BF5D83EBEABA}.Debug|x86.ActiveCfg = Debug|Any CPU
		{35562C6B-88F3-4AB6-917B-BF5D83EBEABA}.Debug|x86.Build.0 = Debug|Any CPU
		{35562C6B-88F3-4AB6-917B-BF5D83EBEABA}.Debug|x86.Deploy.0 = Debug|Any CPU
		{35562C6B-88F3-4AB6-917B-BF5D83EBEABA}.Release|Any CPU.ActiveCfg = Release|Any CPU
		{35562C6B-88F3-4AB6-917B-BF5D83EBEABA}.Release|Any CPU.Build.0 = Release|Any CPU
		{35562C6B-88F3-4AB6-917B-BF5D83EBEABA}.Release|Any CPU.Deploy.0 = Release|Any CPU
		{35562C6B-88F3-4AB6-917B-BF5D83EBEABA}.Release|ARM.ActiveCfg = Release|Any CPU
		{35562C6B-88F3-4AB6-917B-BF5D83EBEABA}.Release|ARM.Build.0 = Release|Any CPU
		{35562C6B-88F3-4AB6-917B-BF5D83EBEABA}.Release|ARM.Deploy.0 = Release|Any CPU
		{35562C6B-88F3-4AB6-917B-BF5D83EBEABA}.Release|iPhone.ActiveCfg = Release|Any CPU
		{35562C6B-88F3-4AB6-917B-BF5D83EBEABA}.Release|iPhone.Build.0 = Release|Any CPU
		{35562C6B-88F3-4AB6-917B-BF5D83EBEABA}.Release|iPhone.Deploy.0 = Release|Any CPU
		{35562C6B-88F3-4AB6-917B-BF5D83EBEABA}.Release|iPhoneSimulator.ActiveCfg = Release|Any CPU
		{35562C6B-88F3-4AB6-917B-BF5D83EBEABA}.Release|iPhoneSimulator.Build.0 = Release|Any CPU
		{35562C6B-88F3-4AB6-917B-BF5D83EBEABA}.Release|iPhoneSimulator.Deploy.0 = Release|Any CPU
		{35562C6B-88F3-4AB6-917B-BF5D83EBEABA}.Release|x64.ActiveCfg = Release|Any CPU
		{35562C6B-88F3-4AB6-917B-BF5D83EBEABA}.Release|x64.Build.0 = Release|Any CPU
		{35562C6B-88F3-4AB6-917B-BF5D83EBEABA}.Release|x64.Deploy.0 = Release|Any CPU
		{35562C6B-88F3-4AB6-917B-BF5D83EBEABA}.Release|x86.ActiveCfg = Release|Any CPU
		{35562C6B-88F3-4AB6-917B-BF5D83EBEABA}.Release|x86.Build.0 = Release|Any CPU
		{35562C6B-88F3-4AB6-917B-BF5D83EBEABA}.Release|x86.Deploy.0 = Release|Any CPU
	EndGlobalSection
	GlobalSection(SolutionProperties) = preSolution
		HideSolutionNode = FALSE
	EndGlobalSection
	GlobalSection(ExtensibilityGlobals) = postSolution
		SolutionGuid = {4C14BA33-864F-47B1-818B-1D95DBADBB1D}
	EndGlobalSection
EndGlobal
